// !$*UTF8*$!
{
	archiveVersion = 1;
	classes = {
	};
	objectVersion = 55;
	objects = {

/* Begin PBXBuildFile section */
		55FF170127DE8BA3006CD51F /* AppDelegate.swift in Sources */ = {isa = PBXBuildFile; fileRef = 55FF170027DE8BA3006CD51F /* AppDelegate.swift */; };
		55FF170327DE8BA3006CD51F /* SceneDelegate.swift in Sources */ = {isa = PBXBuildFile; fileRef = 55FF170227DE8BA3006CD51F /* SceneDelegate.swift */; };
		55FF170527DE8BA3006CD51F /* LoginViewController.swift in Sources */ = {isa = PBXBuildFile; fileRef = 55FF170427DE8BA3006CD51F /* LoginViewController.swift */; };
		55FF170827DE8BA3006CD51F /* Main.storyboard in Resources */ = {isa = PBXBuildFile; fileRef = 55FF170627DE8BA3006CD51F /* Main.storyboard */; };
		55FF170A27DE8BA3006CD51F /* Assets.xcassets in Resources */ = {isa = PBXBuildFile; fileRef = 55FF170927DE8BA3006CD51F /* Assets.xcassets */; };
		55FF170D27DE8BA3006CD51F /* LaunchScreen.storyboard in Resources */ = {isa = PBXBuildFile; fileRef = 55FF170B27DE8BA3006CD51F /* LaunchScreen.storyboard */; };
		55FF171A27DE9E18006CD51F /* UserViewController.swift in Sources */ = {isa = PBXBuildFile; fileRef = 55FF171927DE9E18006CD51F /* UserViewController.swift */; };
/* End PBXBuildFile section */

/* Begin PBXFileReference section */
		55FF16FD27DE8BA3006CD51F /* LoginApp2.0.app */ = {isa = PBXFileReference; explicitFileType = wrapper.application; includeInIndex = 0; path = LoginApp2.0.app; sourceTree = BUILT_PRODUCTS_DIR; };
		55FF170027DE8BA3006CD51F /* AppDelegate.swift */ = {isa = PBXFileReference; lastKnownFileType = sourcecode.swift; path = AppDelegate.swift; sourceTree = "<group>"; };
		55FF170227DE8BA3006CD51F /* SceneDelegate.swift */ = {isa = PBXFileReference; lastKnownFileType = sourcecode.swift; path = SceneDelegate.swift; sourceTree = "<group>"; };
		55FF170427DE8BA3006CD51F /* LoginViewController.swift */ = {isa = PBXFileReference; lastKnownFileType = sourcecode.swift; path = LoginViewController.swift; sourceTree = "<group>"; };
		55FF170727DE8BA3006CD51F /* Base */ = {isa = PBXFileReference; lastKnownFileType = file.storyboard; name = Base; path = Base.lproj/Main.storyboard; sourceTree = "<group>"; };
		55FF170927DE8BA3006CD51F /* Assets.xcassets */ = {isa = PBXFileReference; lastKnownFileType = folder.assetcatalog; path = Assets.xcassets; sourceTree = "<group>"; };
		55FF170C27DE8BA3006CD51F /* Base */ = {isa = PBXFileReference; lastKnownFileType = file.storyboard; name = Base; path = Base.lproj/LaunchScreen.storyboard; sourceTree = "<group>"; };
		55FF170E27DE8BA3006CD51F /* Info.plist */ = {isa = PBXFileReference; lastKnownFileType = text.plist.xml; path = Info.plist; sourceTree = "<group>"; };
		55FF171927DE9E18006CD51F /* UserViewController.swift */ = {isa = PBXFileReference; lastKnownFileType = sourcecode.swift; path = UserViewController.swift; sourceTree = "<group>"; };
/* End PBXFileReference section */

/* Begin PBXFrameworksBuildPhase section */
		55FF16FA27DE8BA3006CD51F /* Frameworks */ = {
			isa = PBXFrameworksBuildPhase;
			buildActionMask = 2147483647;
			files = (
			);
			runOnlyForDeploymentPostprocessing = 0;
		};
/* End PBXFrameworksBuildPhase section */

/* Begin PBXGroup section */
		55FF16F427DE8BA3006CD51F = {
			isa = PBXGroup;
			children = (
				55FF16FF27DE8BA3006CD51F /* LoginApp2.0 */,
				55FF16FE27DE8BA3006CD51F /* Products */,
			);
			sourceTree = "<group>";
		};
		55FF16FE27DE8BA3006CD51F /* Products */ = {
			isa = PBXGroup;
			children = (
				55FF16FD27DE8BA3006CD51F /* LoginApp2.0.app */,
			);
			name = Products;
			sourceTree = "<group>";
		};
		55FF16FF27DE8BA3006CD51F /* LoginApp2.0 */ = {
			isa = PBXGroup;
			children = (
				55FF171427DE8BC7006CD51F /* ViewControllers */,
				55FF171627DE8BE0006CD51F /* StoryBoards */,
				55FF171827DE8BF6006CD51F /* Models */,
				55FF171527DE8BD7006CD51F /* App */,
				55FF171727DE8BEA006CD51F /* Resources */,
			);
			path = LoginApp2.0;
			sourceTree = "<group>";
		};
		55FF171427DE8BC7006CD51F /* ViewControllers */ = {
			isa = PBXGroup;
			children = (
				55FF170427DE8BA3006CD51F /* LoginViewController.swift */,
				55FF171927DE9E18006CD51F /* UserViewController.swift */,
			);
			path = ViewControllers;
			sourceTree = "<group>";
		};
		55FF171527DE8BD7006CD51F /* App */ = {
			isa = PBXGroup;
			children = (
				55FF170027DE8BA3006CD51F /* AppDelegate.swift */,
				55FF170227DE8BA3006CD51F /* SceneDelegate.swift */,
				55FF170E27DE8BA3006CD51F /* Info.plist */,
			);
			path = App;
			sourceTree = "<group>";
		};
		55FF171627DE8BE0006CD51F /* StoryBoards */ = {
			isa = PBXGroup;
			children = (
				55FF170627DE8BA3006CD51F /* Main.storyboard */,
				55FF170B27DE8BA3006CD51F /* LaunchScreen.storyboard */,
			);
			path = StoryBoards;
			sourceTree = "<group>";
		};
		55FF171727DE8BEA006CD51F /* Resources */ = {
			isa = PBXGroup;
			children = (
				55FF170927DE8BA3006CD51F /* Assets.xcassets */,
			);
			path = Resources;
			sourceTree = "<group>";
		};
		55FF171827DE8BF6006CD51F /* Models */ = {
			isa = PBXGroup;
			children = (
			);
			path = Models;
			sourceTree = "<group>";
		};
/* End PBXGroup section */

/* Begin PBXNativeTarget section */
		55FF16FC27DE8BA3006CD51F /* LoginApp2.0 */ = {
			isa = PBXNativeTarget;
			buildConfigurationList = 55FF171127DE8BA3006CD51F /* Build configuration list for PBXNativeTarget "LoginApp2.0" */;
			buildPhases = (
				55FF16F927DE8BA3006CD51F /* Sources */,
				55FF16FA27DE8BA3006CD51F /* Frameworks */,
				55FF16FB27DE8BA3006CD51F /* Resources */,
			);
			buildRules = (
			);
			dependencies = (
			);
			name = LoginApp2.0;
			productName = LoginApp2.0;
			productReference = 55FF16FD27DE8BA3006CD51F /* LoginApp2.0.app */;
			productType = "com.apple.product-type.application";
		};
/* End PBXNativeTarget section */

/* Begin PBXProject section */
		55FF16F527DE8BA3006CD51F /* Project object */ = {
			isa = PBXProject;
			attributes = {
				BuildIndependentTargetsInParallel = 1;
				LastSwiftUpdateCheck = 1320;
				LastUpgradeCheck = 1320;
				TargetAttributes = {
					55FF16FC27DE8BA3006CD51F = {
						CreatedOnToolsVersion = 13.2.1;
					};
				};
			};
			buildConfigurationList = 55FF16F827DE8BA3006CD51F /* Build configuration list for PBXProject "LoginApp2.0" */;
			compatibilityVersion = "Xcode 13.0";
			developmentRegion = en;
			hasScannedForEncodings = 0;
			knownRegions = (
				en,
				Base,
			);
			mainGroup = 55FF16F427DE8BA3006CD51F;
			productRefGroup = 55FF16FE27DE8BA3006CD51F /* Products */;
			projectDirPath = "";
			projectRoot = "";
			targets = (
				55FF16FC27DE8BA3006CD51F /* LoginApp2.0 */,
			);
		};
/* End PBXProject section */

/* Begin PBXResourcesBuildPhase section */
		55FF16FB27DE8BA3006CD51F /* Resources */ = {
			isa = PBXResourcesBuildPhase;
			buildActionMask = 2147483647;
			files = (
				55FF170D27DE8BA3006CD51F /* LaunchScreen.storyboard in Resources */,
				55FF170A27DE8BA3006CD51F /* Assets.xcassets in Resources */,
				55FF170827DE8BA3006CD51F /* Main.storyboard in Resources */,
			);
			runOnlyForDeploymentPostprocessing = 0;
		};
/* End PBXResourcesBuildPhase section */

/* Begin PBXSourcesBuildPhase section */
		55FF16F927DE8BA3006CD51F /* Sources */ = {
			isa = PBXSourcesBuildPhase;
			buildActionMask = 2147483647;
			files = (
				55FF170527DE8BA3006CD51F /* LoginViewController.swift in Sources */,
				55FF171A27DE9E18006CD51F /* UserViewController.swift in Sources */,
				55FF170127DE8BA3006CD51F /* AppDelegate.swift in Sources */,
				55FF170327DE8BA3006CD51F /* SceneDelegate.swift in Sources */,
			);
			runOnlyForDeploymentPostprocessing = 0;
		};
/* End PBXSourcesBuildPhase section */

/* Begin PBXVariantGroup section */
		55FF170627DE8BA3006CD51F /* Main.storyboard */ = {
			isa = PBXVariantGroup;
			children = (
				55FF170727DE8BA3006CD51F /* Base */,
			);
			name = Main.storyboard;
			sourceTree = "<group>";
		};
		55FF170B27DE8BA3006CD51F /* LaunchScreen.storyboard */ = {
			isa = PBXVariantGroup;
			children = (
				55FF170C27DE8BA3006CD51F /* Base */,
			);
			name = LaunchScreen.storyboard;
			sourceTree = "<group>";
		};
/* End PBXVariantGroup section */

/* Begin XCBuildConfiguration section */
		55FF170F27DE8BA3006CD51F /* Debug */ = {
			isa = XCBuildConfiguration;
			buildSettings = {
				ALWAYS_SEARCH_USER_PATHS = NO;
				CLANG_ANALYZER_NONNULL = YES;
				CLANG_ANALYZER_NUMBER_OBJECT_CONVERSION = YES_AGGRESSIVE;
				CLANG_CXX_LANGUAGE_STANDARD = "gnu++17";
				CLANG_CXX_LIBRARY = "libc++";
				CLANG_ENABLE_MODULES = YES;
				CLANG_ENABLE_OBJC_ARC = YES;
				CLANG_ENABLE_OBJC_WEAK = YES;
				CLANG_WARN_BLOCK_CAPTURE_AUTORELEASING = YES;
				CLANG_WARN_BOOL_CONVERSION = YES;
				CLANG_WARN_COMMA = YES;
				CLANG_WARN_CONSTANT_CONVERSION = YES;
				CLANG_WARN_DEPRECATED_OBJC_IMPLEMENTATIONS = YES;
				CLANG_WARN_DIRECT_OBJC_ISA_USAGE = YES_ERROR;
				CLANG_WARN_DOCUMENTATION_COMMENTS = YES;
				CLANG_WARN_EMPTY_BODY = YES;
				CLANG_WARN_ENUM_CONVERSION = YES;
				CLANG_WARN_INFINITE_RECURSION = YES;
				CLANG_WARN_INT_CONVERSION = YES;
				CLANG_WARN_NON_LITERAL_NULL_CONVERSION = YES;
				CLANG_WARN_OBJC_IMPLICIT_RETAIN_SELF = YES;
				CLANG_WARN_OBJC_LITERAL_CONVERSION = YES;
				CLANG_WARN_OBJC_ROOT_CLASS = YES_ERROR;
				CLANG_WARN_QUOTED_INCLUDE_IN_FRAMEWORK_HEADER = YES;
				CLANG_WARN_RANGE_LOOP_ANALYSIS = YES;
				CLANG_WARN_STRICT_PROTOTYPES = YES;
				CLANG_WARN_SUSPICIOUS_MOVE = YES;
				CLANG_WARN_UNGUARDED_AVAILABILITY = YES_AGGRESSIVE;
				CLANG_WARN_UNREACHABLE_CODE = YES;
				CLANG_WARN__DUPLICATE_METHOD_MATCH = YES;
				COPY_PHASE_STRIP = NO;
				DEBUG_INFORMATION_FORMAT = dwarf;
				ENABLE_STRICT_OBJC_MSGSEND = YES;
				ENABLE_TESTABILITY = YES;
				GCC_C_LANGUAGE_STANDARD = gnu11;
				GCC_DYNAMIC_NO_PIC = NO;
				GCC_NO_COMMON_BLOCKS = YES;
				GCC_OPTIMIZATION_LEVEL = 0;
				GCC_PREPROCESSOR_DEFINITIONS = (
					"DEBUG=1",
					"$(inherited)",
				);
				GCC_WARN_64_TO_32_BIT_CONVERSION = YES;
				GCC_WARN_ABOUT_RETURN_TYPE = YES_ERROR;
				GCC_WARN_UNDECLARED_SELECTOR = YES;
				GCC_WARN_UNINITIALIZED_AUTOS = YES_AGGRESSIVE;
				GCC_WARN_UNUSED_FUNCTION = YES;
				GCC_WARN_UNUSED_VARIABLE = YES;
				IPHONEOS_DEPLOYMENT_TARGET = 15.2;
				MTL_ENABLE_DEBUG_INFO = INCLUDE_SOURCE;
				MTL_FAST_MATH = YES;
				ONLY_ACTIVE_ARCH = YES;
				SDKROOT = iphoneos;
				SWIFT_ACTIVE_COMPILATION_CONDITIONS = DEBUG;
				SWIFT_OPTIMIZATION_LEVEL = "-Onone";
			};
			name = Debug;
		};
		55FF171027DE8BA3006CD51F /* Release */ = {
			isa = XCBuildConfiguration;
			buildSettings = {
				ALWAYS_SEARCH_USER_PATHS = NO;
				CLANG_ANALYZER_NONNULL = YES;
				CLANG_ANALYZER_NUMBER_OBJECT_CONVERSION = YES_AGGRESSIVE;
				CLANG_CXX_LANGUAGE_STANDARD = "gnu++17";
				CLANG_CXX_LIBRARY = "libc++";
				CLANG_ENABLE_MODULES = YES;
				CLANG_ENABLE_OBJC_ARC = YES;
				CLANG_ENABLE_OBJC_WEAK = YES;
				CLANG_WARN_BLOCK_CAPTURE_AUTORELEASING = YES;
				CLANG_WARN_BOOL_CONVERSION = YES;
				CLANG_WARN_COMMA = YES;
				CLANG_WARN_CONSTANT_CONVERSION = YES;
				CLANG_WARN_DEPRECATED_OBJC_IMPLEMENTATIONS = YES;
				CLANG_WARN_DIRECT_OBJC_ISA_USAGE = YES_ERROR;
				CLANG_WARN_DOCUMENTATION_COMMENTS = YES;
				CLANG_WARN_EMPTY_BODY = YES;
				CLANG_WARN_ENUM_CONVERSION = YES;
				CLANG_WARN_INFINITE_RECURSION = YES;
				CLANG_WARN_INT_CONVERSION = YES;
				CLANG_WARN_NON_LITERAL_NULL_CONVERSION = YES;
				CLANG_WARN_OBJC_IMPLICIT_RETAIN_SELF = YES;
				CLANG_WARN_OBJC_LITERAL_CONVERSION = YES;
				CLANG_WARN_OBJC_ROOT_CLASS = YES_ERROR;
				CLANG_WARN_QUOTED_INCLUDE_IN_FRAMEWORK_HEADER = YES;
				CLANG_WARN_RANGE_LOOP_ANALYSIS = YES;
				CLANG_WARN_STRICT_PROTOTYPES = YES;
				CLANG_WARN_SUSPICIOUS_MOVE = YES;
				CLANG_WARN_UNGUARDED_AVAILABILITY = YES_AGGRESSIVE;
				CLANG_WARN_UNREACHABLE_CODE = YES;
				CLANG_WARN__DUPLICATE_METHOD_MATCH = YES;
				COPY_PHASE_STRIP = NO;
				DEBUG_INFORMATION_FORMAT = "dwarf-with-dsym";
				ENABLE_NS_ASSERTIONS = NO;
				ENABLE_STRICT_OBJC_MSGSEND = YES;
				GCC_C_LANGUAGE_STANDARD = gnu11;
				GCC_NO_COMMON_BLOCKS = YES;
				GCC_WARN_64_TO_32_BIT_CONVERSION = YES;
				GCC_WARN_ABOUT_RETURN_TYPE = YES_ERROR;
				GCC_WARN_UNDECLARED_SELECTOR = YES;
				GCC_WARN_UNINITIALIZED_AUTOS = YES_AGGRESSIVE;
				GCC_WARN_UNUSED_FUNCTION = YES;
				GCC_WARN_UNUSED_VARIABLE = YES;
				IPHONEOS_DEPLOYMENT_TARGET = 15.2;
				MTL_ENABLE_DEBUG_INFO = NO;
				MTL_FAST_MATH = YES;
				SDKROOT = iphoneos;
				SWIFT_COMPILATION_MODE = wholemodule;
				SWIFT_OPTIMIZATION_LEVEL = "-O";
				VALIDATE_PRODUCT = YES;
			};
			name = Release;
		};
		55FF171227DE8BA3006CD51F /* Debug */ = {
			isa = XCBuildConfiguration;
			buildSettings = {
				ASSETCATALOG_COMPILER_APPICON_NAME = AppIcon;
				ASSETCATALOG_COMPILER_GLOBAL_ACCENT_COLOR_NAME = AccentColor;
				CODE_SIGN_STYLE = Automatic;
				CURRENT_PROJECT_VERSION = 1;
				DEVELOPMENT_TEAM = TH4U9ZJVT9;
				GENERATE_INFOPLIST_FILE = YES;
				INFOPLIST_FILE = LoginApp2.0/App/Info.plist;
				INFOPLIST_KEY_CFBundleDisplayName = "Login App 2.0";
				INFOPLIST_KEY_UIApplicationSupportsIndirectInputEvents = YES;
				INFOPLIST_KEY_UILaunchStoryboardName = LaunchScreen;
				INFOPLIST_KEY_UIMainStoryboardFile = Main;
				INFOPLIST_KEY_UISupportedInterfaceOrientations = "UIInterfaceOrientationPortrait UIInterfaceOrientationLandscapeLeft UIInterfaceOrientationLandscapeRight";
				INFOPLIST_KEY_UISupportedInterfaceOrientations_iPad = "UIInterfaceOrientationPortrait UIInterfaceOrientationPortraitUpsideDown UIInterfaceOrientationLandscapeLeft UIInterfaceOrientationLandscapeRight";
				INFOPLIST_KEY_UISupportedInterfaceOrientations_iPhone = "UIInterfaceOrientationPortrait UIInterfaceOrientationLandscapeLeft UIInterfaceOrientationLandscapeRight";
				LD_RUNPATH_SEARCH_PATHS = (
					"$(inherited)",
					"@executable_path/Frameworks",
				);
				MARKETING_VERSION = 0.1.0;
				PRODUCT_BUNDLE_IDENTIFIER = "SokolovApp.LoginApp2-0";
				PRODUCT_NAME = "$(TARGET_NAME)";
				SWIFT_EMIT_LOC_STRINGS = YES;
				SWIFT_VERSION = 5.0;
				TARGETED_DEVICE_FAMILY = 1;
			};
			name = Debug;
		};
		55FF171327DE8BA3006CD51F /* Release */ = {
			isa = XCBuildConfiguration;
			buildSettings = {
				ASSETCATALOG_COMPILER_APPICON_NAME = AppIcon;
				ASSETCATALOG_COMPILER_GLOBAL_ACCENT_COLOR_NAME = AccentColor;
				CODE_SIGN_STYLE = Automatic;
				CURRENT_PROJECT_VERSION = 1;
				DEVELOPMENT_TEAM = TH4U9ZJVT9;
				GENERATE_INFOPLIST_FILE = YES;
				INFOPLIST_FILE = LoginApp2.0/App/Info.plist;
				INFOPLIST_KEY_CFBundleDisplayName = "Login App 2.0";
				INFOPLIST_KEY_UIApplicationSupportsIndirectInputEvents = YES;
				INFOPLIST_KEY_UILaunchStoryboardName = LaunchScreen;
				INFOPLIST_KEY_UIMainStoryboardFile = Main;
				INFOPLIST_KEY_UISupportedInterfaceOrientations = "UIInterfaceOrientationPortrait UIInterfaceOrientationLandscapeLeft UIInterfaceOrientationLandscapeRight";
				INFOPLIST_KEY_UISupportedInterfaceOrientations_iPad = "UIInterfaceOrientationPortrait UIInterfaceOrientationPortraitUpsideDown UIInterfaceOrientationLandscapeLeft UIInterfaceOrientationLandscapeRight";
				INFOPLIST_KEY_UISupportedInterfaceOrientations_iPhone = "UIInterfaceOrientationPortrait UIInterfaceOrientationLandscapeLeft UIInterfaceOrientationLandscapeRight";
				LD_RUNPATH_SEARCH_PATHS = (
					"$(inherited)",
					"@executable_path/Frameworks",
				);
				MARKETING_VERSION = 0.1.0;
				PRODUCT_BUNDLE_IDENTIFIER = "SokolovApp.LoginApp2-0";
				PRODUCT_NAME = "$(TARGET_NAME)";
				SWIFT_EMIT_LOC_STRINGS = YES;
				SWIFT_VERSION = 5.0;
				TARGETED_DEVICE_FAMILY = 1;
			};
			name = Release;
		};
/* End XCBuildConfiguration section */

/* Begin XCConfigurationList section */
		55FF16F827DE8BA3006CD51F /* Build configuration list for PBXProject "LoginApp2.0" */ = {
			isa = XCConfigurationList;
			buildConfigurations = (
				55FF170F27DE8BA3006CD51F /* Debug */,
				55FF171027DE8BA3006CD51F /* Release */,
			);
			defaultConfigurationIsVisible = 0;
			defaultConfigurationName = Release;
		};
		55FF171127DE8BA3006CD51F /* Build configuration list for PBXNativeTarget "LoginApp2.0" */ = {
			isa = XCConfigurationList;
			buildConfigurations = (
				55FF171227DE8BA3006CD51F /* Debug */,
				55FF171327DE8BA3006CD51F /* Release */,
			);
			defaultConfigurationIsVisible = 0;
			defaultConfigurationName = Release;
		};
/* End XCConfigurationList section */
	};
	rootObject = 55FF16F527DE8BA3006CD51F /* Project object */;
}
